// !$*UTF8*$!
{
	archiveVersion = 1;
	classes = {
	};
	objectVersion = 56;
	objects = {

/* Begin PBXBuildFile section */
		3A6225AC2BF869BB003D77CF /* AVKit.framework in Frameworks */ = {isa = PBXBuildFile; fileRef = 3A6225AB2BF869BB003D77CF /* AVKit.framework */; };
		3ADE808B2BF72D7C00F20391 /* ShareManager.swift in Sources */ = {isa = PBXBuildFile; fileRef = 3ADE808A2BF72D7C00F20391 /* ShareManager.swift */; };
		3ADE808D2BF73E8A00F20391 /* CSVDataView.swift in Sources */ = {isa = PBXBuildFile; fileRef = 3ADE808C2BF73E8A00F20391 /* CSVDataView.swift */; };
		3ADE808F2BF742BB00F20391 /* CustomDivider.swift in Sources */ = {isa = PBXBuildFile; fileRef = 3ADE808E2BF742BB00F20391 /* CustomDivider.swift */; };
		3ADE80912BF742FB00F20391 /* ShareSheet.swift in Sources */ = {isa = PBXBuildFile; fileRef = 3ADE80902BF742FB00F20391 /* ShareSheet.swift */; };
		3ADE80932BF76E3B00F20391 /* VideoUploadView.swift in Sources */ = {isa = PBXBuildFile; fileRef = 3ADE80922BF76E3B00F20391 /* VideoUploadView.swift */; };
		3ADE80952BF7815900F20391 /* PrettyToggleStyle.swift in Sources */ = {isa = PBXBuildFile; fileRef = 3ADE80942BF7815900F20391 /* PrettyToggleStyle.swift */; };
		3AE9CB672BF6300100874353 /* AnimationDataManagerApp.swift in Sources */ = {isa = PBXBuildFile; fileRef = 3AE9CB662BF6300100874353 /* AnimationDataManagerApp.swift */; };
		3AE9CB692BF6300100874353 /* ContentView.swift in Sources */ = {isa = PBXBuildFile; fileRef = 3AE9CB682BF6300100874353 /* ContentView.swift */; };
		3AE9CB6B2BF6300200874353 /* Assets.xcassets in Resources */ = {isa = PBXBuildFile; fileRef = 3AE9CB6A2BF6300200874353 /* Assets.xcassets */; };
		3AE9CB6F2BF6300200874353 /* Preview Assets.xcassets in Resources */ = {isa = PBXBuildFile; fileRef = 3AE9CB6E2BF6300200874353 /* Preview Assets.xcassets */; };
		3AE9CB762BF6302300874353 /* CouchDBManager.swift in Sources */ = {isa = PBXBuildFile; fileRef = 3AE9CB752BF6302300874353 /* CouchDBManager.swift */; };
		3AE9CB7D2BF6ABD200874353 /* VideoPreviewView.swift in Sources */ = {isa = PBXBuildFile; fileRef = 3AE9CB7C2BF6ABD200874353 /* VideoPreviewView.swift */; };
/* End PBXBuildFile section */

/* Begin PBXFileReference section */
		3A6225AB2BF869BB003D77CF /* AVKit.framework */ = {isa = PBXFileReference; lastKnownFileType = wrapper.framework; name = AVKit.framework; path = Platforms/iPhoneOS.platform/Developer/SDKs/iPhoneOS17.5.sdk/System/Library/Frameworks/AVKit.framework; sourceTree = DEVELOPER_DIR; };
		3A68D56B2BF88B6100AFCA25 /* Dummy.md */ = {isa = PBXFileReference; lastKnownFileType = net.daringfireball.markdown; path = Dummy.md; sourceTree = "<group>"; };
		3ADE808A2BF72D7C00F20391 /* ShareManager.swift */ = {isa = PBXFileReference; lastKnownFileType = sourcecode.swift; path = ShareManager.swift; sourceTree = "<group>"; };
		3ADE808C2BF73E8A00F20391 /* CSVDataView.swift */ = {isa = PBXFileReference; lastKnownFileType = sourcecode.swift; path = CSVDataView.swift; sourceTree = "<group>"; };
		3ADE808E2BF742BB00F20391 /* CustomDivider.swift */ = {isa = PBXFileReference; lastKnownFileType = sourcecode.swift; path = CustomDivider.swift; sourceTree = "<group>"; };
		3ADE80902BF742FB00F20391 /* ShareSheet.swift */ = {isa = PBXFileReference; lastKnownFileType = sourcecode.swift; path = ShareSheet.swift; sourceTree = "<group>"; };
		3ADE80922BF76E3B00F20391 /* VideoUploadView.swift */ = {isa = PBXFileReference; lastKnownFileType = sourcecode.swift; path = VideoUploadView.swift; sourceTree = "<group>"; };
		3ADE80942BF7815900F20391 /* PrettyToggleStyle.swift */ = {isa = PBXFileReference; lastKnownFileType = sourcecode.swift; path = PrettyToggleStyle.swift; sourceTree = "<group>"; };
		3AE9CB632BF6300100874353 /* AnimationDataManager.app */ = {isa = PBXFileReference; explicitFileType = wrapper.application; includeInIndex = 0; path = AnimationDataManager.app; sourceTree = BUILT_PRODUCTS_DIR; };
		3AE9CB662BF6300100874353 /* AnimationDataManagerApp.swift */ = {isa = PBXFileReference; lastKnownFileType = sourcecode.swift; path = AnimationDataManagerApp.swift; sourceTree = "<group>"; };
		3AE9CB682BF6300100874353 /* ContentView.swift */ = {isa = PBXFileReference; lastKnownFileType = sourcecode.swift; path = ContentView.swift; sourceTree = "<group>"; };
		3AE9CB6A2BF6300200874353 /* Assets.xcassets */ = {isa = PBXFileReference; lastKnownFileType = folder.assetcatalog; path = Assets.xcassets; sourceTree = "<group>"; };
		3AE9CB6C2BF6300200874353 /* AnimationDataManager.entitlements */ = {isa = PBXFileReference; lastKnownFileType = text.plist.entitlements; path = AnimationDataManager.entitlements; sourceTree = "<group>"; };
		3AE9CB6E2BF6300200874353 /* Preview Assets.xcassets */ = {isa = PBXFileReference; lastKnownFileType = folder.assetcatalog; path = "Preview Assets.xcassets"; sourceTree = "<group>"; };
		3AE9CB752BF6302300874353 /* CouchDBManager.swift */ = {isa = PBXFileReference; lastKnownFileType = sourcecode.swift; path = CouchDBManager.swift; sourceTree = "<group>"; };
		3AE9CB792BF638C000874353 /* Info.plist */ = {isa = PBXFileReference; lastKnownFileType = text.plist; path = Info.plist; sourceTree = "<group>"; };
		3AE9CB7C2BF6ABD200874353 /* VideoPreviewView.swift */ = {isa = PBXFileReference; lastKnownFileType = sourcecode.swift; path = VideoPreviewView.swift; sourceTree = "<group>"; };
/* End PBXFileReference section */

/* Begin PBXFrameworksBuildPhase section */
		3AE9CB602BF6300100874353 /* Frameworks */ = {
			isa = PBXFrameworksBuildPhase;
			buildActionMask = 2147483647;
			files = (
				3A6225AC2BF869BB003D77CF /* AVKit.framework in Frameworks */,
			);
			runOnlyForDeploymentPostprocessing = 0;
		};
/* End PBXFrameworksBuildPhase section */

/* Begin PBXGroup section */
		3A6225AA2BF869BA003D77CF /* Frameworks */ = {
			isa = PBXGroup;
			children = (
				3A6225AB2BF869BB003D77CF /* AVKit.framework */,
			);
			name = Frameworks;
			sourceTree = "<group>";
		};
		3AE9CB5A2BF6300100874353 = {
			isa = PBXGroup;
			children = (
				3AE9CB652BF6300100874353 /* AnimationDataManager */,
				3AE9CB642BF6300100874353 /* Products */,
				3A6225AA2BF869BA003D77CF /* Frameworks */,
			);
			sourceTree = "<group>";
		};
		3AE9CB642BF6300100874353 /* Products */ = {
			isa = PBXGroup;
			children = (
				3AE9CB632BF6300100874353 /* AnimationDataManager.app */,
			);
			name = Products;
			sourceTree = "<group>";
		};
		3AE9CB652BF6300100874353 /* AnimationDataManager */ = {
			isa = PBXGroup;
			children = (
				3AE9CB792BF638C000874353 /* Info.plist */,
				3AE9CB662BF6300100874353 /* AnimationDataManagerApp.swift */,
				3AE9CB682BF6300100874353 /* ContentView.swift */,
				3AE9CB6A2BF6300200874353 /* Assets.xcassets */,
				3AE9CB6C2BF6300200874353 /* AnimationDataManager.entitlements */,
				3AE9CB6D2BF6300200874353 /* Preview Content */,
				3AE9CB752BF6302300874353 /* CouchDBManager.swift */,
				3AE9CB7C2BF6ABD200874353 /* VideoPreviewView.swift */,
				3ADE808A2BF72D7C00F20391 /* ShareManager.swift */,
				3ADE808C2BF73E8A00F20391 /* CSVDataView.swift */,
				3ADE808E2BF742BB00F20391 /* CustomDivider.swift */,
				3ADE80902BF742FB00F20391 /* ShareSheet.swift */,
				3ADE80922BF76E3B00F20391 /* VideoUploadView.swift */,
				3ADE80942BF7815900F20391 /* PrettyToggleStyle.swift */,
				3A68D56B2BF88B6100AFCA25 /* Dummy.md */,
			);
			path = AnimationDataManager;
			sourceTree = "<group>";
		};
		3AE9CB6D2BF6300200874353 /* Preview Content */ = {
			isa = PBXGroup;
			children = (
				3AE9CB6E2BF6300200874353 /* Preview Assets.xcassets */,
			);
			path = "Preview Content";
			sourceTree = "<group>";
		};
/* End PBXGroup section */

/* Begin PBXNativeTarget section */
		3AE9CB622BF6300100874353 /* AnimationDataManager */ = {
			isa = PBXNativeTarget;
			buildConfigurationList = 3AE9CB722BF6300200874353 /* Build configuration list for PBXNativeTarget "AnimationDataManager" */;
			buildPhases = (
				3AE9CB5F2BF6300100874353 /* Sources */,
				3AE9CB602BF6300100874353 /* Frameworks */,
				3AE9CB612BF6300100874353 /* Resources */,
			);
			buildRules = (
			);
			dependencies = (
			);
			name = AnimationDataManager;
			productName = AnimationDataManager;
			productReference = 3AE9CB632BF6300100874353 /* AnimationDataManager.app */;
			productType = "com.apple.product-type.application";
		};
/* End PBXNativeTarget section */

/* Begin PBXProject section */
		3AE9CB5B2BF6300100874353 /* Project object */ = {
			isa = PBXProject;
			attributes = {
				BuildIndependentTargetsInParallel = 1;
				LastSwiftUpdateCheck = 1540;
				LastUpgradeCheck = 1540;
				TargetAttributes = {
					3AE9CB622BF6300100874353 = {
						CreatedOnToolsVersion = 15.4;
					};
				};
			};
			buildConfigurationList = 3AE9CB5E2BF6300100874353 /* Build configuration list for PBXProject "AnimationDataManager" */;
			compatibilityVersion = "Xcode 14.0";
			developmentRegion = en;
			hasScannedForEncodings = 0;
			knownRegions = (
				en,
				Base,
			);
			mainGroup = 3AE9CB5A2BF6300100874353;
			productRefGroup = 3AE9CB642BF6300100874353 /* Products */;
			projectDirPath = "";
			projectRoot = "";
			targets = (
				3AE9CB622BF6300100874353 /* AnimationDataManager */,
			);
		};
/* End PBXProject section */

/* Begin PBXResourcesBuildPhase section */
		3AE9CB612BF6300100874353 /* Resources */ = {
			isa = PBXResourcesBuildPhase;
			buildActionMask = 2147483647;
			files = (
				3AE9CB6F2BF6300200874353 /* Preview Assets.xcassets in Resources */,
				3AE9CB6B2BF6300200874353 /* Assets.xcassets in Resources */,
			);
			runOnlyForDeploymentPostprocessing = 0;
		};
/* End PBXResourcesBuildPhase section */

/* Begin PBXSourcesBuildPhase section */
		3AE9CB5F2BF6300100874353 /* Sources */ = {
			isa = PBXSourcesBuildPhase;
			buildActionMask = 2147483647;
			files = (
				3AE9CB762BF6302300874353 /* CouchDBManager.swift in Sources */,
				3AE9CB7D2BF6ABD200874353 /* VideoPreviewView.swift in Sources */,
				3AE9CB692BF6300100874353 /* ContentView.swift in Sources */,
				3AE9CB672BF6300100874353 /* AnimationDataManagerApp.swift in Sources */,
				3ADE808B2BF72D7C00F20391 /* ShareManager.swift in Sources */,
				3ADE80932BF76E3B00F20391 /* VideoUploadView.swift in Sources */,
				3ADE808D2BF73E8A00F20391 /* CSVDataView.swift in Sources */,
				3ADE80952BF7815900F20391 /* PrettyToggleStyle.swift in Sources */,
				3ADE808F2BF742BB00F20391 /* CustomDivider.swift in Sources */,
				3ADE80912BF742FB00F20391 /* ShareSheet.swift in Sources */,
			);
			runOnlyForDeploymentPostprocessing = 0;
		};
/* End PBXSourcesBuildPhase section */

/* Begin XCBuildConfiguration section */
		3AE9CB702BF6300200874353 /* Debug */ = {
			isa = XCBuildConfiguration;
			buildSettings = {
				ALWAYS_SEARCH_USER_PATHS = NO;
				ASSETCATALOG_COMPILER_GENERATE_SWIFT_ASSET_SYMBOL_EXTENSIONS = YES;
				CLANG_ANALYZER_NONNULL = YES;
				CLANG_ANALYZER_NUMBER_OBJECT_CONVERSION = YES_AGGRESSIVE;
				CLANG_CXX_LANGUAGE_STANDARD = "gnu++20";
				CLANG_ENABLE_MODULES = YES;
				CLANG_ENABLE_OBJC_ARC = YES;
				CLANG_ENABLE_OBJC_WEAK = YES;
				CLANG_WARN_BLOCK_CAPTURE_AUTORELEASING = YES;
				CLANG_WARN_BOOL_CONVERSION = YES;
				CLANG_WARN_COMMA = YES;
				CLANG_WARN_CONSTANT_CONVERSION = YES;
				CLANG_WARN_DEPRECATED_OBJC_IMPLEMENTATIONS = YES;
				CLANG_WARN_DIRECT_OBJC_ISA_USAGE = YES_ERROR;
				CLANG_WARN_DOCUMENTATION_COMMENTS = YES;
				CLANG_WARN_EMPTY_BODY = YES;
				CLANG_WARN_ENUM_CONVERSION = YES;
				CLANG_WARN_INFINITE_RECURSION = YES;
				CLANG_WARN_INT_CONVERSION = YES;
				CLANG_WARN_NON_LITERAL_NULL_CONVERSION = YES;
				CLANG_WARN_OBJC_IMPLICIT_RETAIN_SELF = YES;
				CLANG_WARN_OBJC_LITERAL_CONVERSION = YES;
				CLANG_WARN_OBJC_ROOT_CLASS = YES_ERROR;
				CLANG_WARN_QUOTED_INCLUDE_IN_FRAMEWORK_HEADER = YES;
				CLANG_WARN_RANGE_LOOP_ANALYSIS = YES;
				CLANG_WARN_STRICT_PROTOTYPES = YES;
				CLANG_WARN_SUSPICIOUS_MOVE = YES;
				CLANG_WARN_UNGUARDED_AVAILABILITY = YES_AGGRESSIVE;
				CLANG_WARN_UNREACHABLE_CODE = YES;
				CLANG_WARN__DUPLICATE_METHOD_MATCH = YES;
				COPY_PHASE_STRIP = NO;
				DEBUG_INFORMATION_FORMAT = dwarf;
				ENABLE_STRICT_OBJC_MSGSEND = YES;
				ENABLE_TESTABILITY = YES;
				ENABLE_USER_SCRIPT_SANDBOXING = YES;
				GCC_C_LANGUAGE_STANDARD = gnu17;
				GCC_DYNAMIC_NO_PIC = NO;
				GCC_NO_COMMON_BLOCKS = YES;
				GCC_OPTIMIZATION_LEVEL = 0;
				GCC_PREPROCESSOR_DEFINITIONS = (
					"DEBUG=1",
					"$(inherited)",
				);
				GCC_WARN_64_TO_32_BIT_CONVERSION = YES;
				GCC_WARN_ABOUT_RETURN_TYPE = YES_ERROR;
				GCC_WARN_UNDECLARED_SELECTOR = YES;
				GCC_WARN_UNINITIALIZED_AUTOS = YES_AGGRESSIVE;
				GCC_WARN_UNUSED_FUNCTION = YES;
				GCC_WARN_UNUSED_VARIABLE = YES;
				LOCALIZATION_PREFERS_STRING_CATALOGS = YES;
				MTL_ENABLE_DEBUG_INFO = INCLUDE_SOURCE;
				MTL_FAST_MATH = YES;
				ONLY_ACTIVE_ARCH = YES;
				SWIFT_ACTIVE_COMPILATION_CONDITIONS = "DEBUG $(inherited)";
				SWIFT_OPTIMIZATION_LEVEL = "-Onone";
			};
			name = Debug;
		};
		3AE9CB712BF6300200874353 /* Release */ = {
			isa = XCBuildConfiguration;
			buildSettings = {
				ALWAYS_SEARCH_USER_PATHS = NO;
				ASSETCATALOG_COMPILER_GENERATE_SWIFT_ASSET_SYMBOL_EXTENSIONS = YES;
				CLANG_ANALYZER_NONNULL = YES;
				CLANG_ANALYZER_NUMBER_OBJECT_CONVERSION = YES_AGGRESSIVE;
				CLANG_CXX_LANGUAGE_STANDARD = "gnu++20";
				CLANG_ENABLE_MODULES = YES;
				CLANG_ENABLE_OBJC_ARC = YES;
				CLANG_ENABLE_OBJC_WEAK = YES;
				CLANG_WARN_BLOCK_CAPTURE_AUTORELEASING = YES;
				CLANG_WARN_BOOL_CONVERSION = YES;
				CLANG_WARN_COMMA = YES;
				CLANG_WARN_CONSTANT_CONVERSION = YES;
				CLANG_WARN_DEPRECATED_OBJC_IMPLEMENTATIONS = YES;
				CLANG_WARN_DIRECT_OBJC_ISA_USAGE = YES_ERROR;
				CLANG_WARN_DOCUMENTATION_COMMENTS = YES;
				CLANG_WARN_EMPTY_BODY = YES;
				CLANG_WARN_ENUM_CONVERSION = YES;
				CLANG_WARN_INFINITE_RECURSION = YES;
				CLANG_WARN_INT_CONVERSION = YES;
				CLANG_WARN_NON_LITERAL_NULL_CONVERSION = YES;
				CLANG_WARN_OBJC_IMPLICIT_RETAIN_SELF = YES;
				CLANG_WARN_OBJC_LITERAL_CONVERSION = YES;
				CLANG_WARN_OBJC_ROOT_CLASS = YES_ERROR;
				CLANG_WARN_QUOTED_INCLUDE_IN_FRAMEWORK_HEADER = YES;
				CLANG_WARN_RANGE_LOOP_ANALYSIS = YES;
				CLANG_WARN_STRICT_PROTOTYPES = YES;
				CLANG_WARN_SUSPICIOUS_MOVE = YES;
				CLANG_WARN_UNGUARDED_AVAILABILITY = YES_AGGRESSIVE;
				CLANG_WARN_UNREACHABLE_CODE = YES;
				CLANG_WARN__DUPLICATE_METHOD_MATCH = YES;
				COPY_PHASE_STRIP = NO;
				DEBUG_INFORMATION_FORMAT = "dwarf-with-dsym";
				ENABLE_NS_ASSERTIONS = NO;
				ENABLE_STRICT_OBJC_MSGSEND = YES;
				ENABLE_USER_SCRIPT_SANDBOXING = YES;
				GCC_C_LANGUAGE_STANDARD = gnu17;
				GCC_NO_COMMON_BLOCKS = YES;
				GCC_WARN_64_TO_32_BIT_CONVERSION = YES;
				GCC_WARN_ABOUT_RETURN_TYPE = YES_ERROR;
				GCC_WARN_UNDECLARED_SELECTOR = YES;
				GCC_WARN_UNINITIALIZED_AUTOS = YES_AGGRESSIVE;
				GCC_WARN_UNUSED_FUNCTION = YES;
				GCC_WARN_UNUSED_VARIABLE = YES;
				LOCALIZATION_PREFERS_STRING_CATALOGS = YES;
				MTL_ENABLE_DEBUG_INFO = NO;
				MTL_FAST_MATH = YES;
				ONLY_ACTIVE_ARCH = YES;
				SWIFT_COMPILATION_MODE = wholemodule;
			};
			name = Release;
		};
		3AE9CB732BF6300200874353 /* Debug */ = {
			isa = XCBuildConfiguration;
			buildSettings = {
				ASSETCATALOG_COMPILER_APPICON_NAME = AppIcon;
				ASSETCATALOG_COMPILER_GLOBAL_ACCENT_COLOR_NAME = AccentColor;
				CODE_SIGN_ENTITLEMENTS = AnimationDataManager/AnimationDataManager.entitlements;
				"CODE_SIGN_IDENTITY[sdk=macosx*]" = "Apple Development";
				CODE_SIGN_STYLE = Automatic;
				CURRENT_PROJECT_VERSION = 1;
				DEVELOPMENT_ASSET_PATHS = "\"AnimationDataManager/Preview Content\"";
				DEVELOPMENT_TEAM = GSBGP6W934;
				ENABLE_PREVIEWS = YES;
				GENERATE_INFOPLIST_FILE = YES;
				INFOPLIST_FILE = AnimationDataManager/Info.plist;
				"INFOPLIST_KEY_UIApplicationSceneManifest_Generation[sdk=iphoneos*]" = YES;
				"INFOPLIST_KEY_UIApplicationSceneManifest_Generation[sdk=iphonesimulator*]" = YES;
				"INFOPLIST_KEY_UIApplicationSupportsIndirectInputEvents[sdk=iphoneos*]" = YES;
				"INFOPLIST_KEY_UIApplicationSupportsIndirectInputEvents[sdk=iphonesimulator*]" = YES;
				"INFOPLIST_KEY_UILaunchScreen_Generation[sdk=iphoneos*]" = YES;
				"INFOPLIST_KEY_UILaunchScreen_Generation[sdk=iphonesimulator*]" = YES;
				"INFOPLIST_KEY_UIStatusBarStyle[sdk=iphoneos*]" = UIStatusBarStyleDefault;
				"INFOPLIST_KEY_UIStatusBarStyle[sdk=iphonesimulator*]" = UIStatusBarStyleDefault;
				INFOPLIST_KEY_UISupportedInterfaceOrientations_iPad = "UIInterfaceOrientationPortrait UIInterfaceOrientationPortraitUpsideDown UIInterfaceOrientationLandscapeLeft UIInterfaceOrientationLandscapeRight";
				INFOPLIST_KEY_UISupportedInterfaceOrientations_iPhone = "UIInterfaceOrientationPortrait UIInterfaceOrientationLandscapeLeft UIInterfaceOrientationLandscapeRight";
				IPHONEOS_DEPLOYMENT_TARGET = 17.5;
				LD_RUNPATH_SEARCH_PATHS = "@executable_path/Frameworks";
				"LD_RUNPATH_SEARCH_PATHS[sdk=macosx*]" = "@executable_path/../Frameworks";
				MACOSX_DEPLOYMENT_TARGET = 14.4;
				MARKETING_VERSION = 1.0;
				NSAppTransportSecurity = "<dict>\n\t\t<key>NSExceptionDomains</key>\n\t\t<dict>\n\t\t\t<key>localhost</key>\n\t\t\t<dict>\n\t\t\t\t<key>NSExceptionAllowsInsecureHTTPLoads</key>\n\t\t\t\t<true/>\n\t\t\t\t<key>NSIncludesSubdomains</key>\n\t\t\t\t<true/>\n\t\t\t</dict>\n\t\t</dict>\n\t</dict>";
				PRODUCT_BUNDLE_IDENTIFIER = com.AnimeAI.AnimationDataManager;
				PRODUCT_NAME = "$(TARGET_NAME)";
				SDKROOT = auto;
				SUPPORTED_PLATFORMS = "iphoneos iphonesimulator macosx";
				SWIFT_EMIT_LOC_STRINGS = YES;
				SWIFT_VERSION = 5.0;
				TARGETED_DEVICE_FAMILY = "1,2";
			};
			name = Debug;
		};
		3AE9CB742BF6300200874353 /* Release */ = {
			isa = XCBuildConfiguration;
			buildSettings = {
				ASSETCATALOG_COMPILER_APPICON_NAME = AppIcon;
				ASSETCATALOG_COMPILER_GLOBAL_ACCENT_COLOR_NAME = AccentColor;
				CODE_SIGN_ENTITLEMENTS = AnimationDataManager/AnimationDataManager.entitlements;
				"CODE_SIGN_IDENTITY[sdk=macosx*]" = "Apple Development";
				CODE_SIGN_STYLE = Automatic;
				CURRENT_PROJECT_VERSION = 1;
				DEVELOPMENT_ASSET_PATHS = "\"AnimationDataManager/Preview Content\"";
				DEVELOPMENT_TEAM = GSBGP6W934;
				ENABLE_PREVIEWS = YES;
				GENERATE_INFOPLIST_FILE = YES;
				INFOPLIST_FILE = AnimationDataManager/Info.plist;
				"INFOPLIST_KEY_UIApplicationSceneManifest_Generation[sdk=iphoneos*]" = YES;
				"INFOPLIST_KEY_UIApplicationSceneManifest_Generation[sdk=iphonesimulator*]" = YES;
				"INFOPLIST_KEY_UIApplicationSupportsIndirectInputEvents[sdk=iphoneos*]" = YES;
				"INFOPLIST_KEY_UIApplicationSupportsIndirectInputEvents[sdk=iphonesimulator*]" = YES;
				"INFOPLIST_KEY_UILaunchScreen_Generation[sdk=iphoneos*]" = YES;
				"INFOPLIST_KEY_UILaunchScreen_Generation[sdk=iphonesimulator*]" = YES;
				"INFOPLIST_KEY_UIStatusBarStyle[sdk=iphoneos*]" = UIStatusBarStyleDefault;
				"INFOPLIST_KEY_UIStatusBarStyle[sdk=iphonesimulator*]" = UIStatusBarStyleDefault;
				INFOPLIST_KEY_UISupportedInterfaceOrientations_iPad = "UIInterfaceOrientationPortrait UIInterfaceOrientationPortraitUpsideDown UIInterfaceOrientationLandscapeLeft UIInterfaceOrientationLandscapeRight";
				INFOPLIST_KEY_UISupportedInterfaceOrientations_iPhone = "UIInterfaceOrientationPortrait UIInterfaceOrientationLandscapeLeft UIInterfaceOrientationLandscapeRight";
				IPHONEOS_DEPLOYMENT_TARGET = 17.5;
				LD_RUNPATH_SEARCH_PATHS = "@executable_path/Frameworks";
				"LD_RUNPATH_SEARCH_PATHS[sdk=macosx*]" = "@executable_path/../Frameworks";
				MACOSX_DEPLOYMENT_TARGET = 14.4;
				MARKETING_VERSION = 1.0;
				NSAppTransportSecurity = "<dict>\n\t\t<key>NSExceptionDomains</key>\n\t\t<dict>\n\t\t\t<key>localhost</key>\n\t\t\t<dict>\n\t\t\t\t<key>NSExceptionAllowsInsecureHTTPLoads</key>\n\t\t\t\t<true/>\n\t\t\t\t<key>NSIncludesSubdomains</key>\n\t\t\t\t<true/>\n\t\t\t</dict>\n\t\t</dict>\n\t</dict>";
				PRODUCT_BUNDLE_IDENTIFIER = com.AnimeAI.AnimationDataManager;
				PRODUCT_NAME = "$(TARGET_NAME)";
				SDKROOT = auto;
				SUPPORTED_PLATFORMS = "iphoneos iphonesimulator macosx";
				SWIFT_EMIT_LOC_STRINGS = YES;
				SWIFT_VERSION = 5.0;
				TARGETED_DEVICE_FAMILY = "1,2";
			};
			name = Release;
		};
/* End XCBuildConfiguration section */

/* Begin XCConfigurationList section */
		3AE9CB5E2BF6300100874353 /* Build configuration list for PBXProject "AnimationDataManager" */ = {
			isa = XCConfigurationList;
			buildConfigurations = (
				3AE9CB702BF6300200874353 /* Debug */,
				3AE9CB712BF6300200874353 /* Release */,
			);
			defaultConfigurationIsVisible = 0;
			defaultConfigurationName = Release;
		};
		3AE9CB722BF6300200874353 /* Build configuration list for PBXNativeTarget "AnimationDataManager" */ = {
			isa = XCConfigurationList;
			buildConfigurations = (
				3AE9CB732BF6300200874353 /* Debug */,
				3AE9CB742BF6300200874353 /* Release */,
			);
			defaultConfigurationIsVisible = 0;
			defaultConfigurationName = Release;
		};
/* End XCConfigurationList section */
	};
	rootObject = 3AE9CB5B2BF6300100874353 /* Project object */;
}
